# THIS IS AN AUTOGENERATED FILE. DO NOT EDIT THIS FILE DIRECTLY.
# yarn lockfile v1


"@esbuild/linux-loong64@0.14.54":
  version "0.14.54"
  resolved "https://domoreexp.pkgs.visualstudio.com/_packaging/npm-mirror/npm/registry/@esbuild/linux-loong64/-/linux-loong64-0.14.54.tgz#de2a4be678bd4d0d1ffbb86e6de779cde5999028"
  integrity sha1-3ipL5ni9TQ0f+7hubed5zeWZkCg=

"@microsoft/teams-js@^2.2.0":
  version "2.2.0"
  resolved "https://domoreexp.pkgs.visualstudio.com/_packaging/npm-mirror/npm/registry/@microsoft/teams-js/-/teams-js-2.2.0.tgz#1975faf006423bc46efe73de32f1be5e797c19dc"
  integrity sha1-GXX68AZCO8Ru/nPeMvG+Xnl8Gdw=
  dependencies:
    debug "4.3.3"

"@octokit/auth-token@^3.0.0":
  version "3.0.0"
  resolved "https://domoreexp.pkgs.visualstudio.com/_packaging/npm-mirror/npm/registry/@octokit/auth-token/-/auth-token-3.0.0.tgz#6f22c5fc56445c496628488ba6810131558fa4a9"
  integrity sha1-byLF/FZEXElmKEiLpoEBMVWPpKk=
  dependencies:
    "@octokit/types" "^6.0.3"

"@octokit/core@^4.0.0":
  version "4.0.4"
  resolved "https://domoreexp.pkgs.visualstudio.com/_packaging/npm-mirror/npm/registry/@octokit/core/-/core-4.0.4.tgz#335d9b377691e3264ce57a9e5a1f6cda783e5838"
  integrity sha1-M12bN3aR4yZM5XqeWh9s2ng+WDg=
  dependencies:
    "@octokit/auth-token" "^3.0.0"
    "@octokit/graphql" "^5.0.0"
    "@octokit/request" "^6.0.0"
    "@octokit/request-error" "^3.0.0"
    "@octokit/types" "^6.0.3"
    before-after-hook "^2.2.0"
    universal-user-agent "^6.0.0"

"@octokit/endpoint@^7.0.0":
  version "7.0.0"
  resolved "https://domoreexp.pkgs.visualstudio.com/_packaging/npm-mirror/npm/registry/@octokit/endpoint/-/endpoint-7.0.0.tgz#be758a1236d68d6bbb505e686dd50881c327a519"
  integrity sha1-vnWKEjbWjWu7UF5obdUIgcMnpRk=
  dependencies:
    "@octokit/types" "^6.0.3"
    is-plain-object "^5.0.0"
    universal-user-agent "^6.0.0"

"@octokit/graphql@^5.0.0":
  version "5.0.0"
  resolved "https://domoreexp.pkgs.visualstudio.com/_packaging/npm-mirror/npm/registry/@octokit/graphql/-/graphql-5.0.0.tgz#2cc6eb3bf8e0278656df1a7d0ca0d7591599e3b3"
  integrity sha1-LMbrO/jgJ4ZW3xp9DKDXWRWZ47M=
  dependencies:
    "@octokit/request" "^6.0.0"
    "@octokit/types" "^6.0.3"
    universal-user-agent "^6.0.0"

"@octokit/openapi-types@^12.11.0":
  version "12.11.0"
  resolved "https://domoreexp.pkgs.visualstudio.com/_packaging/npm-mirror/npm/registry/@octokit/openapi-types/-/openapi-types-12.11.0.tgz#da5638d64f2b919bca89ce6602d059f1b52d3ef0"
  integrity sha1-2lY41k8rkZvKic5mAtBZ8bUtPvA=

"@octokit/plugin-paginate-rest@^3.0.0":
  version "3.1.0"
  resolved "https://domoreexp.pkgs.visualstudio.com/_packaging/npm-mirror/npm/registry/@octokit/plugin-paginate-rest/-/plugin-paginate-rest-3.1.0.tgz#86f8be759ce2d6d7c879a31490fd2f7410b731f0"
  integrity sha1-hvi+dZzi1tfIeaMUkP0vdBC3MfA=
  dependencies:
    "@octokit/types" "^6.41.0"

"@octokit/plugin-request-log@^1.0.4":
  version "1.0.4"
  resolved "https://domoreexp.pkgs.visualstudio.com/_packaging/npm-mirror/npm/registry/@octokit/plugin-request-log/-/plugin-request-log-1.0.4.tgz#5e50ed7083a613816b1e4a28aeec5fb7f1462e85"
  integrity sha1-XlDtcIOmE4FrHkooruxft/FGLoU=

"@octokit/plugin-rest-endpoint-methods@^6.0.0":
  version "6.2.0"
  resolved "https://domoreexp.pkgs.visualstudio.com/_packaging/npm-mirror/npm/registry/@octokit/plugin-rest-endpoint-methods/-/plugin-rest-endpoint-methods-6.2.0.tgz#c06359d2f94436f8c67d345093cb02dedd31d974"
  integrity sha1-wGNZ0vlENvjGfTRQk8sC3t0x2XQ=
  dependencies:
    "@octokit/types" "^6.41.0"
    deprecation "^2.3.1"

"@octokit/request-error@^3.0.0":
  version "3.0.0"
  resolved "https://domoreexp.pkgs.visualstudio.com/_packaging/npm-mirror/npm/registry/@octokit/request-error/-/request-error-3.0.0.tgz#f527d178f115a3b62d76ce4804dd5bdbc0270a81"
  integrity sha1-9SfRePEVo7Ytds5IBN1b28AnCoE=
  dependencies:
    "@octokit/types" "^6.0.3"
    deprecation "^2.0.0"
    once "^1.4.0"

"@octokit/request@^6.0.0":
  version "6.2.0"
  resolved "https://domoreexp.pkgs.visualstudio.com/_packaging/npm-mirror/npm/registry/@octokit/request/-/request-6.2.0.tgz#9c25606df84e6f2ccbcc2c58e1d35438e20b688b"
  integrity sha1-nCVgbfhObyzLzCxY4dNUOOILaIs=
  dependencies:
    "@octokit/endpoint" "^7.0.0"
    "@octokit/request-error" "^3.0.0"
    "@octokit/types" "^6.16.1"
    is-plain-object "^5.0.0"
    node-fetch "^2.6.7"
    universal-user-agent "^6.0.0"

"@octokit/rest@^19.0.3":
  version "19.0.3"
  resolved "https://domoreexp.pkgs.visualstudio.com/_packaging/npm-mirror/npm/registry/@octokit/rest/-/rest-19.0.3.tgz#b9a4e8dc8d53e030d611c053153ee6045f080f02"
  integrity sha1-uaTo3I1T4DDWEcBTFT7mBF8IDwI=
  dependencies:
    "@octokit/core" "^4.0.0"
    "@octokit/plugin-paginate-rest" "^3.0.0"
    "@octokit/plugin-request-log" "^1.0.4"
    "@octokit/plugin-rest-endpoint-methods" "^6.0.0"

"@octokit/types@^6.0.3", "@octokit/types@^6.16.1", "@octokit/types@^6.41.0":
  version "6.41.0"
  resolved "https://domoreexp.pkgs.visualstudio.com/_packaging/npm-mirror/npm/registry/@octokit/types/-/types-6.41.0.tgz#e58ef78d78596d2fb7df9c6259802464b5f84a04"
  integrity sha1-5Y73jXhZbS+335xiWYAkZLX4SgQ=
  dependencies:
    "@octokit/openapi-types" "^12.11.0"

axios@^0.21.4:
  version "0.21.4"
  resolved "https://domoreexp.pkgs.visualstudio.com/_packaging/npm-mirror/npm/registry/axios/-/axios-0.21.4.tgz#c67b90dc0568e5c1cf2b0b858c43ba28e2eda575"
  integrity sha1-xnuQ3AVo5cHPKwuFjEO6KOLtpXU=
  dependencies:
    follow-redirects "^1.14.0"

before-after-hook@^2.2.0:
  version "2.2.2"
  resolved "https://domoreexp.pkgs.visualstudio.com/_packaging/npm-mirror/npm/registry/before-after-hook/-/before-after-hook-2.2.2.tgz#a6e8ca41028d90ee2c24222f201c90956091613e"
  integrity sha1-pujKQQKNkO4sJCIvIByQlWCRYT4=

debug@4.3.3:
  version "4.3.3"
  resolved "https://domoreexp.pkgs.visualstudio.com/_packaging/npm-mirror/npm/registry/debug/-/debug-4.3.3.tgz#04266e0b70a98d4462e6e288e38259213332b664"
  integrity sha1-BCZuC3CpjURi5uKI44JZITMytmQ=
  dependencies:
    ms "2.1.2"

debug@^4.3.4:
  version "4.3.4"
  resolved "https://domoreexp.pkgs.visualstudio.com/_packaging/npm-mirror/npm/registry/debug/-/debug-4.3.4.tgz#1319f6579357f2338d3337d2cdd4914bb5dcc865"
  integrity sha1-Exn2V5NX8jONMzfSzdSRS7XcyGU=
  dependencies:
    ms "2.1.2"

deprecation@^2.0.0, deprecation@^2.3.1:
  version "2.3.1"
  resolved "https://domoreexp.pkgs.visualstudio.com/_packaging/npm-mirror/npm/registry/deprecation/-/deprecation-2.3.1.tgz#6368cbdb40abf3373b525ac87e4a260c3a700919"
  integrity sha1-Y2jL20Cr8zc7UlrIfkomDDpwCRk=

esbuild-android-64@0.14.54:
  version "0.14.54"
  resolved "https://domoreexp.pkgs.visualstudio.com/_packaging/npm-mirror/npm/registry/esbuild-android-64/-/esbuild-android-64-0.14.54.tgz#505f41832884313bbaffb27704b8bcaa2d8616be"
  integrity sha1-UF9BgyiEMTu6/7J3BLi8qi2GFr4=

esbuild-android-arm64@0.14.54:
  version "0.14.54"
  resolved "https://domoreexp.pkgs.visualstudio.com/_packaging/npm-mirror/npm/registry/esbuild-android-arm64/-/esbuild-android-arm64-0.14.54.tgz#8ce69d7caba49646e009968fe5754a21a9871771"
  integrity sha1-jOadfKuklkbgCZaP5XVKIamHF3E=

esbuild-darwin-64@0.14.54:
  version "0.14.54"
  resolved "https://domoreexp.pkgs.visualstudio.com/_packaging/npm-mirror/npm/registry/esbuild-darwin-64/-/esbuild-darwin-64-0.14.54.tgz#24ba67b9a8cb890a3c08d9018f887cc221cdda25"
  integrity sha1-JLpnuajLiQo8CNkBj4h8wiHN2iU=

esbuild-darwin-arm64@0.14.54:
  version "0.14.54"
  resolved "https://domoreexp.pkgs.visualstudio.com/_packaging/npm-mirror/npm/registry/esbuild-darwin-arm64/-/esbuild-darwin-arm64-0.14.54.tgz#3f7cdb78888ee05e488d250a2bdaab1fa671bf73"
  integrity sha1-P3zbeIiO4F5IjSUKK9qrH6Zxv3M=

esbuild-freebsd-64@0.14.54:
  version "0.14.54"
  resolved "https://domoreexp.pkgs.visualstudio.com/_packaging/npm-mirror/npm/registry/esbuild-freebsd-64/-/esbuild-freebsd-64-0.14.54.tgz#09250f997a56ed4650f3e1979c905ffc40bbe94d"
  integrity sha1-CSUPmXpW7UZQ8+GXnJBf/EC76U0=

esbuild-freebsd-arm64@0.14.54:
  version "0.14.54"
  resolved "https://domoreexp.pkgs.visualstudio.com/_packaging/npm-mirror/npm/registry/esbuild-freebsd-arm64/-/esbuild-freebsd-arm64-0.14.54.tgz#bafb46ed04fc5f97cbdb016d86947a79579f8e48"
  integrity sha1-uvtG7QT8X5fL2wFthpR6eVefjkg=

esbuild-linux-32@0.14.54:
  version "0.14.54"
  resolved "https://domoreexp.pkgs.visualstudio.com/_packaging/npm-mirror/npm/registry/esbuild-linux-32/-/esbuild-linux-32-0.14.54.tgz#e2a8c4a8efdc355405325033fcebeb941f781fe5"
  integrity sha1-4qjEqO/cNVQFMlAz/OvrlB94H+U=

esbuild-linux-64@0.14.54:
  version "0.14.54"
  resolved "https://domoreexp.pkgs.visualstudio.com/_packaging/npm-mirror/npm/registry/esbuild-linux-64/-/esbuild-linux-64-0.14.54.tgz#de5fdba1c95666cf72369f52b40b03be71226652"
  integrity sha1-3l/boclWZs9yNp9StAsDvnEiZlI=

esbuild-linux-arm64@0.14.54:
  version "0.14.54"
  resolved "https://domoreexp.pkgs.visualstudio.com/_packaging/npm-mirror/npm/registry/esbuild-linux-arm64/-/esbuild-linux-arm64-0.14.54.tgz#dae4cd42ae9787468b6a5c158da4c84e83b0ce8b"
  integrity sha1-2uTNQq6Xh0aLalwVjaTIToOwzos=

esbuild-linux-arm@0.14.54:
  version "0.14.54"
  resolved "https://domoreexp.pkgs.visualstudio.com/_packaging/npm-mirror/npm/registry/esbuild-linux-arm/-/esbuild-linux-arm-0.14.54.tgz#a2c1dff6d0f21dbe8fc6998a122675533ddfcd59"
  integrity sha1-osHf9tDyHb6PxpmKEiZ1Uz3fzVk=

esbuild-linux-mips64le@0.14.54:
  version "0.14.54"
  resolved "https://domoreexp.pkgs.visualstudio.com/_packaging/npm-mirror/npm/registry/esbuild-linux-mips64le/-/esbuild-linux-mips64le-0.14.54.tgz#d9918e9e4cb972f8d6dae8e8655bf9ee131eda34"
  integrity sha1-2ZGOnky5cvjW2ujoZVv57hMe2jQ=

esbuild-linux-ppc64le@0.14.54:
  version "0.14.54"
  resolved "https://domoreexp.pkgs.visualstudio.com/_packaging/npm-mirror/npm/registry/esbuild-linux-ppc64le/-/esbuild-linux-ppc64le-0.14.54.tgz#3f9a0f6d41073fb1a640680845c7de52995f137e"
  integrity sha1-P5oPbUEHP7GmQGgIRcfeUplfE34=

esbuild-linux-riscv64@0.14.54:
  version "0.14.54"
  resolved "https://domoreexp.pkgs.visualstudio.com/_packaging/npm-mirror/npm/registry/esbuild-linux-riscv64/-/esbuild-linux-riscv64-0.14.54.tgz#618853c028178a61837bc799d2013d4695e451c8"
  integrity sha1-YYhTwCgXimGDe8eZ0gE9RpXkUcg=

esbuild-linux-s390x@0.14.54:
  version "0.14.54"
  resolved "https://domoreexp.pkgs.visualstudio.com/_packaging/npm-mirror/npm/registry/esbuild-linux-s390x/-/esbuild-linux-s390x-0.14.54.tgz#d1885c4c5a76bbb5a0fe182e2c8c60eb9e29f2a6"
  integrity sha1-0YhcTFp2u7Wg/hguLIxg654p8qY=

esbuild-netbsd-64@0.14.54:
  version "0.14.54"
  resolved "https://domoreexp.pkgs.visualstudio.com/_packaging/npm-mirror/npm/registry/esbuild-netbsd-64/-/esbuild-netbsd-64-0.14.54.tgz#69ae917a2ff241b7df1dbf22baf04bd330349e81"
  integrity sha1-aa6Rei/yQbffHb8iuvBL0zA0noE=

esbuild-openbsd-64@0.14.54:
  version "0.14.54"
  resolved "https://domoreexp.pkgs.visualstudio.com/_packaging/npm-mirror/npm/registry/esbuild-openbsd-64/-/esbuild-openbsd-64-0.14.54.tgz#db4c8495287a350a6790de22edea247a57c5d47b"
  integrity sha1-20yElSh6NQpnkN4i7eokelfF1Hs=

esbuild-sunos-64@0.14.54:
  version "0.14.54"
  resolved "https://domoreexp.pkgs.visualstudio.com/_packaging/npm-mirror/npm/registry/esbuild-sunos-64/-/esbuild-sunos-64-0.14.54.tgz#54287ee3da73d3844b721c21bc80c1dc7e1bf7da"
  integrity sha1-VCh+49pz04RLchwhvIDB3H4b99o=

esbuild-windows-32@0.14.54:
  version "0.14.54"
  resolved "https://domoreexp.pkgs.visualstudio.com/_packaging/npm-mirror/npm/registry/esbuild-windows-32/-/esbuild-windows-32-0.14.54.tgz#f8aaf9a5667630b40f0fb3aa37bf01bbd340ce31"
  integrity sha1-+Kr5pWZ2MLQPD7OqN78Bu9NAzjE=

esbuild-windows-64@0.14.54:
  version "0.14.54"
  resolved "https://domoreexp.pkgs.visualstudio.com/_packaging/npm-mirror/npm/registry/esbuild-windows-64/-/esbuild-windows-64-0.14.54.tgz"
  integrity sha1-v1S1G9PpsPGIb/2yJKQXYDHqCvQ=

esbuild-windows-arm64@0.14.54:
  version "0.14.54"
  resolved "https://domoreexp.pkgs.visualstudio.com/_packaging/npm-mirror/npm/registry/esbuild-windows-arm64/-/esbuild-windows-arm64-0.14.54.tgz#937d15675a15e4b0e4fafdbaa3a01a776a2be982"
  integrity sha1-k30VZ1oV5LDk+v26o6Aad2or6YI=

esbuild@^0.14.47:
  version "0.14.54"
  resolved "https://domoreexp.pkgs.visualstudio.com/_packaging/npm-mirror/npm/registry/esbuild/-/esbuild-0.14.54.tgz"
  integrity sha1-i0Tc8rDxpm/CJFmUPcz0d1NemqI=
  optionalDependencies:
    "@esbuild/linux-loong64" "0.14.54"
    esbuild-android-64 "0.14.54"
    esbuild-android-arm64 "0.14.54"
    esbuild-darwin-64 "0.14.54"
    esbuild-darwin-arm64 "0.14.54"
    esbuild-freebsd-64 "0.14.54"
    esbuild-freebsd-arm64 "0.14.54"
    esbuild-linux-32 "0.14.54"
    esbuild-linux-64 "0.14.54"
    esbuild-linux-arm "0.14.54"
    esbuild-linux-arm64 "0.14.54"
    esbuild-linux-mips64le "0.14.54"
    esbuild-linux-ppc64le "0.14.54"
    esbuild-linux-riscv64 "0.14.54"
    esbuild-linux-s390x "0.14.54"
    esbuild-netbsd-64 "0.14.54"
    esbuild-openbsd-64 "0.14.54"
    esbuild-sunos-64 "0.14.54"
    esbuild-windows-32 "0.14.54"
    esbuild-windows-64 "0.14.54"
    esbuild-windows-arm64 "0.14.54"

follow-redirects@^1.14.0:
  version "1.15.1"
  resolved "https://domoreexp.pkgs.visualstudio.com/_packaging/npm-mirror/npm/registry/follow-redirects/-/follow-redirects-1.15.1.tgz#0ca6a452306c9b276e4d3127483e29575e207ad5"
  integrity sha1-DKakUjBsmyduTTEnSD4pV14getU=

fsevents@~2.3.2:
  version "2.3.2"
  resolved "https://domoreexp.pkgs.visualstudio.com/_packaging/npm-mirror/npm/registry/fsevents/-/fsevents-2.3.2.tgz#8a526f78b8fdf4623b709e0b975c52c24c02fd1a"
  integrity sha1-ilJveLj99GI7cJ4Ll1xSwkwC/Ro=

function-bind@^1.1.1:
  version "1.1.1"
  resolved "https://domoreexp.pkgs.visualstudio.com/_packaging/npm-mirror/npm/registry/function-bind/-/function-bind-1.1.1.tgz"
  integrity sha1-pWiZ0+o8m6uHS7l3O3xe3pL0iV0=

has@^1.0.3:
  version "1.0.3"
  resolved "https://domoreexp.pkgs.visualstudio.com/_packaging/npm-mirror/npm/registry/has/-/has-1.0.3.tgz"
  integrity sha1-ci18v8H2qoJB8W3YFOAR4fQeh5Y=
  dependencies:
    function-bind "^1.1.1"

is-core-module@^2.9.0:
  version "2.10.0"
  resolved "https://domoreexp.pkgs.visualstudio.com/_packaging/npm-mirror/npm/registry/is-core-module/-/is-core-module-2.10.0.tgz"
  integrity sha1-kBLt4KkcaVh+ZHUU4dUncBnnKO0=
  dependencies:
    has "^1.0.3"

is-plain-object@^5.0.0:
  version "5.0.0"
  resolved "https://domoreexp.pkgs.visualstudio.com/_packaging/npm-mirror/npm/registry/is-plain-object/-/is-plain-object-5.0.0.tgz#4427f50ab3429e9025ea7d52e9043a9ef4159344"
  integrity sha1-RCf1CrNCnpAl6n1S6QQ6nvQVk0Q=

ms@2.1.2:
  version "2.1.2"
  resolved "https://domoreexp.pkgs.visualstudio.com/_packaging/npm-mirror/npm/registry/ms/-/ms-2.1.2.tgz#d09d1f357b443f493382a8eb3ccd183872ae6009"
  integrity sha1-0J0fNXtEP0kzgqjrPM0YOHKuYAk=

nanoid@^3.3.4:
  version "3.3.4"
  resolved "https://domoreexp.pkgs.visualstudio.com/_packaging/npm-mirror/npm/registry/nanoid/-/nanoid-3.3.4.tgz"
  integrity sha1-cwtn480J4t6s8DwCfIHJ2dvF6Ks=

node-fetch@^2.6.7:
  version "2.6.7"
  resolved "https://domoreexp.pkgs.visualstudio.com/_packaging/npm-mirror/npm/registry/node-fetch/-/node-fetch-2.6.7.tgz#24de9fba827e3b4ae44dc8b20256a379160052ad"
  integrity sha1-JN6fuoJ+O0rkTciyAlajeRYAUq0=
  dependencies:
    whatwg-url "^5.0.0"

once@^1.4.0:
  version "1.4.0"
  resolved "https://domoreexp.pkgs.visualstudio.com/_packaging/npm-mirror/npm/registry/once/-/once-1.4.0.tgz#583b1aa775961d4b113ac17d9c50baef9dd76bd1"
  integrity sha1-WDsap3WWHUsROsF9nFC6753Xa9E=
  dependencies:
    wrappy "1"

path-parse@^1.0.7:
  version "1.0.7"
  resolved "https://domoreexp.pkgs.visualstudio.com/_packaging/npm-mirror/npm/registry/path-parse/-/path-parse-1.0.7.tgz"
  integrity sha1-+8EUtgykKzDZ2vWFjkvWi77bZzU=

picocolors@^1.0.0:
  version "1.0.0"
  resolved "https://domoreexp.pkgs.visualstudio.com/_packaging/npm-mirror/npm/registry/picocolors/-/picocolors-1.0.0.tgz"
  integrity sha1-y1vcdP8/UYkiNur3nWi8RFZKuBw=

postcss@^8.4.16:
  version "8.4.16"
  resolved "https://domoreexp.pkgs.visualstudio.com/_packaging/npm-mirror/npm/registry/postcss/-/postcss-8.4.16.tgz"
  integrity sha1-M6HWdfrDmUH19EXbDeTbK24B1Dw=
  dependencies:
    nanoid "^3.3.4"
    picocolors "^1.0.0"
    source-map-js "^1.0.2"

resolve@^1.22.1:
  version "1.22.1"
  resolved "https://domoreexp.pkgs.visualstudio.com/_packaging/npm-mirror/npm/registry/resolve/-/resolve-1.22.1.tgz"
  integrity sha1-J8suu1P5GrtJRwqSi7p1WAZqwXc=
  dependencies:
    is-core-module "^2.9.0"
    path-parse "^1.0.7"
    supports-preserve-symlinks-flag "^1.0.0"

rollup@^2.75.6:
  version "2.77.2"
  resolved "https://domoreexp.pkgs.visualstudio.com/_packaging/npm-mirror/npm/registry/rollup/-/rollup-2.77.2.tgz"
  integrity sha1-a2B1xV+cwgQKWRLm4GIVHkLixOM=
  optionalDependencies:
    fsevents "~2.3.2"

source-map-js@^1.0.2:
  version "1.0.2"
  resolved "https://domoreexp.pkgs.visualstudio.com/_packaging/npm-mirror/npm/registry/source-map-js/-/source-map-js-1.0.2.tgz"
  integrity sha1-rbw2HZxi3zgBJefxYfccgm8eSQw=

supports-preserve-symlinks-flag@^1.0.0:
  version "1.0.0"
  resolved "https://domoreexp.pkgs.visualstudio.com/_packaging/npm-mirror/npm/registry/supports-preserve-symlinks-flag/-/supports-preserve-symlinks-flag-1.0.0.tgz"
  integrity sha1-btpL00SjyUrqN21MwxvHcxEDngk=

tr46@~0.0.3:
  version "0.0.3"
  resolved "https://domoreexp.pkgs.visualstudio.com/_packaging/npm-mirror/npm/registry/tr46/-/tr46-0.0.3.tgz#8184fd347dac9cdc185992f3a6622e14b9d9ab6a"
  integrity sha1-gYT9NH2snNwYWZLzpmIuFLnZq2o=

universal-user-agent@^6.0.0:
  version "6.0.0"
  resolved "https://domoreexp.pkgs.visualstudio.com/_packaging/npm-mirror/npm/registry/universal-user-agent/-/universal-user-agent-6.0.0.tgz#3381f8503b251c0d9cd21bc1de939ec9df5480ee"
  integrity sha1-M4H4UDslHA2c0hvB3pOeyd9UgO4=

vite-plugin-mkcert@^1.9.0:
  version "1.9.0"
  resolved "https://domoreexp.pkgs.visualstudio.com/_packaging/npm-mirror/npm/registry/vite-plugin-mkcert/-/vite-plugin-mkcert-1.9.0.tgz#894fadd4d932fb1a8face1b73009982428cfba3d"
  integrity sha1-iU+t1Nky+xqPrOG3MAmYJCjPuj0=
  dependencies:
    "@octokit/rest" "^19.0.3"
    axios "^0.21.4"
    debug "^4.3.4"
    picocolors "^1.0.0"
    vite "^3.0.0"

vite@^3.0.0:
  version "3.0.5"
  resolved "https://domoreexp.pkgs.visualstudio.com/_packaging/npm-mirror/npm/registry/vite/-/vite-3.0.5.tgz"
  integrity sha1-VrjVLgC7vV8h0C8IaNxhOzJG7MY=
  dependencies:
    esbuild "^0.14.47"
    postcss "^8.4.16"
    resolve "^1.22.1"
    rollup "^2.75.6"
  optionalDependencies:
    fsevents "~2.3.2"

webidl-conversions@^3.0.0:
  version "3.0.1"
  resolved "https://domoreexp.pkgs.visualstudio.com/_packaging/npm-mirror/npm/registry/webidl-conversions/-/webidl-conversions-3.0.1.tgz#24534275e2a7bc6be7bc86611cc16ae0a5654871"
  integrity sha1-JFNCdeKnvGvnvIZhHMFq4KVlSHE=

whatwg-url@^5.0.0:
  version "5.0.0"
  resolved "https://domoreexp.pkgs.visualstudio.com/_packaging/npm-mirror/npm/registry/whatwg-url/-/whatwg-url-5.0.0.tgz#966454e8765462e37644d3626f6742ce8b70965d"
  integrity sha1-lmRU6HZUYuN2RNNib2dCzotwll0=
  dependencies:
    tr46 "~0.0.3"
    webidl-conversions "^3.0.0"

wrappy@1:
  version "1.0.2"
  resolved "https://domoreexp.pkgs.visualstudio.com/_packaging/npm-mirror/npm/registry/wrappy/-/wrappy-1.0.2.tgz#b5243d8f3ec1aa35f1364605bc0d1036e30ab69f"
  integrity sha1-tSQ9jz7BqjXxNkYFvA0QNuMKtp8=
